
Microsoft Visual Studio Solution File, Format Version 12.00
# Visual Studio 2012
Project("{FAE04EC0-301F-11D3-BF4B-00C04F79EFBC}") = "Lite", "Lite\Lite.csproj", "{6BB5FD93-ECC9-445B-8404-ED29991351CD}"
EndProject
Project("{FAE04EC0-301F-11D3-BF4B-00C04F79EFBC}") = "Lite.Web", "Lite.Web\Lite.Web.csproj", "{A6EAC61A-26A5-4EAC-97E3-4D906C7BF32B}"
EndProject
Global
	GlobalSection(SolutionConfigurationPlatforms) = preSolution
		Debug|Any CPU = Debug|Any CPU
		Release|Any CPU = Release|Any CPU
	EndGlobalSection
	GlobalSection(ProjectConfigurationPlatforms) = postSolution
		{6BB5FD93-ECC9-445B-8404-ED29991351CD}.Debug|Any CPU.ActiveCfg = Debug|Any CPU
		{6BB5FD93-ECC9-445B-8404-ED29991351CD}.Debug|Any CPU.Build.0 = Debug|Any CPU
		{6BB5FD93-ECC9-445B-8404-ED29991351CD}.Release|Any CPU.ActiveCfg = Release|Any CPU
		{6BB5FD93-ECC9-445B-8404-ED29991351CD}.Release|Any CPU.Build.0 = Release|Any CPU
		{A6EAC61A-26A5-4EAC-97E3-4D906C7BF32B}.Debug|Any CPU.ActiveCfg = Debug|Any CPU
		{A6EAC61A-26A5-4EAC-97E3-4D906C7BF32B}.Debug|Any CPU.Build.0 = Debug|Any CPU
		{A6EAC61A-26A5-4EAC-97E3-4D906C7BF32B}.Release|Any CPU.ActiveCfg = Release|Any CPU
		{A6EAC61A-26A5-4EAC-97E3-4D906C7BF32B}.Release|Any CPU.Build.0 = Release|Any CPU
	EndGlobalSection
	GlobalSection(SolutionProperties) = preSolution
		HideSolutionNode = FALSE
	EndGlobalSection
EndGlobal
